// !$*UTF8*$!
{
	archiveVersion = 1;
	classes = {
	};
	objectVersion = 56;
	objects = {

/* Begin PBXBuildFile section */
		6D4E478C2A91E68B005D9736 /* FeedCollectionViewCell.swift in Sources */ = {isa = PBXBuildFile; fileRef = 6D4E478B2A91E68B005D9736 /* FeedCollectionViewCell.swift */; };
		6D4E478E2A91E929005D9736 /* Extensions.swift in Sources */ = {isa = PBXBuildFile; fileRef = 6D4E478D2A91E929005D9736 /* Extensions.swift */; };
		6D4E47912A91EA63005D9736 /* JGProgressHUD in Frameworks */ = {isa = PBXBuildFile; productRef = 6D4E47902A91EA63005D9736 /* JGProgressHUD */; };
		6D4E47942A924213005D9736 /* SnapKit in Frameworks */ = {isa = PBXBuildFile; productRef = 6D4E47932A924213005D9736 /* SnapKit */; };
		6D4E47972A93D6FD005D9736 /* LoginController.swift in Sources */ = {isa = PBXBuildFile; fileRef = 6D4E47962A93D6FD005D9736 /* LoginController.swift */; };
		6D4E47992A93D733005D9736 /* RegistrationController.swift in Sources */ = {isa = PBXBuildFile; fileRef = 6D4E47982A93D733005D9736 /* RegistrationController.swift */; };
		6D4E479B2A93DC2B005D9736 /* CustomTextField.swift in Sources */ = {isa = PBXBuildFile; fileRef = 6D4E479A2A93DC2B005D9736 /* CustomTextField.swift */; };
		6D4E479D2A93EB93005D9736 /* AuthenticationViewModel.swift in Sources */ = {isa = PBXBuildFile; fileRef = 6D4E479C2A93EB93005D9736 /* AuthenticationViewModel.swift */; };
		6D4EF25F2A90811400A7ABD4 /* AppDelegate.swift in Sources */ = {isa = PBXBuildFile; fileRef = 6D4EF25E2A90811400A7ABD4 /* AppDelegate.swift */; };
		6D4EF2612A90811400A7ABD4 /* SceneDelegate.swift in Sources */ = {isa = PBXBuildFile; fileRef = 6D4EF2602A90811400A7ABD4 /* SceneDelegate.swift */; };
		6D4EF2632A90811400A7ABD4 /* ViewController.swift in Sources */ = {isa = PBXBuildFile; fileRef = 6D4EF2622A90811400A7ABD4 /* ViewController.swift */; };
		6D4EF2682A90811500A7ABD4 /* Assets.xcassets in Resources */ = {isa = PBXBuildFile; fileRef = 6D4EF2672A90811500A7ABD4 /* Assets.xcassets */; };
		6D4EF26B2A90811500A7ABD4 /* LaunchScreen.storyboard in Resources */ = {isa = PBXBuildFile; fileRef = 6D4EF2692A90811500A7ABD4 /* LaunchScreen.storyboard */; };
		6D4EF2762A90811500A7ABD4 /* InstagramFirebaseTests.swift in Sources */ = {isa = PBXBuildFile; fileRef = 6D4EF2752A90811500A7ABD4 /* InstagramFirebaseTests.swift */; };
		6D4EF2802A90811500A7ABD4 /* InstagramFirebaseUITests.swift in Sources */ = {isa = PBXBuildFile; fileRef = 6D4EF27F2A90811500A7ABD4 /* InstagramFirebaseUITests.swift */; };
		6D4EF2822A90811500A7ABD4 /* InstagramFirebaseUITestsLaunchTests.swift in Sources */ = {isa = PBXBuildFile; fileRef = 6D4EF2812A90811500A7ABD4 /* InstagramFirebaseUITestsLaunchTests.swift */; };
		6D4EF2952A90820A00A7ABD4 /* MainTabController.swift in Sources */ = {isa = PBXBuildFile; fileRef = 6D4EF2942A90820A00A7ABD4 /* MainTabController.swift */; };
		6DED2BF02A9084AB00A7114B /* FeedController.swift in Sources */ = {isa = PBXBuildFile; fileRef = 6DED2BEF2A9084AB00A7114B /* FeedController.swift */; };
		6DED2BF22A9084BE00A7114B /* SearchController.swift in Sources */ = {isa = PBXBuildFile; fileRef = 6DED2BF12A9084BE00A7114B /* SearchController.swift */; };
		6DED2BF42A9084CA00A7114B /* ImageSelectorController.swift in Sources */ = {isa = PBXBuildFile; fileRef = 6DED2BF32A9084CA00A7114B /* ImageSelectorController.swift */; };
		6DED2BF62A9084D700A7114B /* NotificationController.swift in Sources */ = {isa = PBXBuildFile; fileRef = 6DED2BF52A9084D700A7114B /* NotificationController.swift */; };
		6DED2BF82A9084DD00A7114B /* ProfileController.swift in Sources */ = {isa = PBXBuildFile; fileRef = 6DED2BF72A9084DD00A7114B /* ProfileController.swift */; };
/* End PBXBuildFile section */

/* Begin PBXContainerItemProxy section */
		6D4EF2722A90811500A7ABD4 /* PBXContainerItemProxy */ = {
			isa = PBXContainerItemProxy;
			containerPortal = 6D4EF2532A90811400A7ABD4 /* Project object */;
			proxyType = 1;
			remoteGlobalIDString = 6D4EF25A2A90811400A7ABD4;
			remoteInfo = InstagramFirebase;
		};
		6D4EF27C2A90811500A7ABD4 /* PBXContainerItemProxy */ = {
			isa = PBXContainerItemProxy;
			containerPortal = 6D4EF2532A90811400A7ABD4 /* Project object */;
			proxyType = 1;
			remoteGlobalIDString = 6D4EF25A2A90811400A7ABD4;
			remoteInfo = InstagramFirebase;
		};
/* End PBXContainerItemProxy section */

/* Begin PBXFileReference section */
		6D4E478B2A91E68B005D9736 /* FeedCollectionViewCell.swift */ = {isa = PBXFileReference; lastKnownFileType = sourcecode.swift; name = FeedCollectionViewCell.swift; path = InstagramFirebase/Controller/FeedCollectionViewCell.swift; sourceTree = SOURCE_ROOT; };
		6D4E478D2A91E929005D9736 /* Extensions.swift */ = {isa = PBXFileReference; lastKnownFileType = sourcecode.swift; name = Extensions.swift; path = InstagramFirebase/Controller/Extensions.swift; sourceTree = SOURCE_ROOT; };
		6D4E47962A93D6FD005D9736 /* LoginController.swift */ = {isa = PBXFileReference; lastKnownFileType = sourcecode.swift; path = LoginController.swift; sourceTree = "<group>"; };
		6D4E47982A93D733005D9736 /* RegistrationController.swift */ = {isa = PBXFileReference; lastKnownFileType = sourcecode.swift; path = RegistrationController.swift; sourceTree = "<group>"; };
		6D4E479A2A93DC2B005D9736 /* CustomTextField.swift */ = {isa = PBXFileReference; lastKnownFileType = sourcecode.swift; name = CustomTextField.swift; path = InstagramFirebase/Controller/Authentication/CustomTextField.swift; sourceTree = SOURCE_ROOT; };
		6D4E479C2A93EB93005D9736 /* AuthenticationViewModel.swift */ = {isa = PBXFileReference; lastKnownFileType = sourcecode.swift; name = AuthenticationViewModel.swift; path = InstagramFirebase/Controller/Authentication/AuthenticationViewModel.swift; sourceTree = SOURCE_ROOT; };
		6D4EF25B2A90811400A7ABD4 /* InstagramFirebase.app */ = {isa = PBXFileReference; explicitFileType = wrapper.application; includeInIndex = 0; path = InstagramFirebase.app; sourceTree = BUILT_PRODUCTS_DIR; };
		6D4EF25E2A90811400A7ABD4 /* AppDelegate.swift */ = {isa = PBXFileReference; lastKnownFileType = sourcecode.swift; path = AppDelegate.swift; sourceTree = "<group>"; };
		6D4EF2602A90811400A7ABD4 /* SceneDelegate.swift */ = {isa = PBXFileReference; lastKnownFileType = sourcecode.swift; path = SceneDelegate.swift; sourceTree = "<group>"; };
		6D4EF2622A90811400A7ABD4 /* ViewController.swift */ = {isa = PBXFileReference; lastKnownFileType = sourcecode.swift; path = ViewController.swift; sourceTree = "<group>"; };
		6D4EF2672A90811500A7ABD4 /* Assets.xcassets */ = {isa = PBXFileReference; lastKnownFileType = folder.assetcatalog; path = Assets.xcassets; sourceTree = "<group>"; };
		6D4EF26A2A90811500A7ABD4 /* Base */ = {isa = PBXFileReference; lastKnownFileType = file.storyboard; name = Base; path = Base.lproj/LaunchScreen.storyboard; sourceTree = "<group>"; };
		6D4EF26C2A90811500A7ABD4 /* Info.plist */ = {isa = PBXFileReference; lastKnownFileType = text.plist.xml; path = Info.plist; sourceTree = "<group>"; };
		6D4EF2712A90811500A7ABD4 /* InstagramFirebaseTests.xctest */ = {isa = PBXFileReference; explicitFileType = wrapper.cfbundle; includeInIndex = 0; path = InstagramFirebaseTests.xctest; sourceTree = BUILT_PRODUCTS_DIR; };
		6D4EF2752A90811500A7ABD4 /* InstagramFirebaseTests.swift */ = {isa = PBXFileReference; lastKnownFileType = sourcecode.swift; path = InstagramFirebaseTests.swift; sourceTree = "<group>"; };
		6D4EF27B2A90811500A7ABD4 /* InstagramFirebaseUITests.xctest */ = {isa = PBXFileReference; explicitFileType = wrapper.cfbundle; includeInIndex = 0; path = InstagramFirebaseUITests.xctest; sourceTree = BUILT_PRODUCTS_DIR; };
		6D4EF27F2A90811500A7ABD4 /* InstagramFirebaseUITests.swift */ = {isa = PBXFileReference; lastKnownFileType = sourcecode.swift; path = InstagramFirebaseUITests.swift; sourceTree = "<group>"; };
		6D4EF2812A90811500A7ABD4 /* InstagramFirebaseUITestsLaunchTests.swift */ = {isa = PBXFileReference; lastKnownFileType = sourcecode.swift; path = InstagramFirebaseUITestsLaunchTests.swift; sourceTree = "<group>"; };
		6D4EF2942A90820A00A7ABD4 /* MainTabController.swift */ = {isa = PBXFileReference; lastKnownFileType = sourcecode.swift; path = MainTabController.swift; sourceTree = "<group>"; };
		6DED2BEF2A9084AB00A7114B /* FeedController.swift */ = {isa = PBXFileReference; lastKnownFileType = sourcecode.swift; path = FeedController.swift; sourceTree = "<group>"; };
		6DED2BF12A9084BE00A7114B /* SearchController.swift */ = {isa = PBXFileReference; lastKnownFileType = sourcecode.swift; path = SearchController.swift; sourceTree = "<group>"; };
		6DED2BF32A9084CA00A7114B /* ImageSelectorController.swift */ = {isa = PBXFileReference; lastKnownFileType = sourcecode.swift; path = ImageSelectorController.swift; sourceTree = "<group>"; };
		6DED2BF52A9084D700A7114B /* NotificationController.swift */ = {isa = PBXFileReference; lastKnownFileType = sourcecode.swift; path = NotificationController.swift; sourceTree = "<group>"; };
		6DED2BF72A9084DD00A7114B /* ProfileController.swift */ = {isa = PBXFileReference; lastKnownFileType = sourcecode.swift; path = ProfileController.swift; sourceTree = "<group>"; };
/* End PBXFileReference section */

/* Begin PBXFrameworksBuildPhase section */
		6D4EF2582A90811400A7ABD4 /* Frameworks */ = {
			isa = PBXFrameworksBuildPhase;
			buildActionMask = 2147483647;
			files = (
				6D4E47912A91EA63005D9736 /* JGProgressHUD in Frameworks */,
				6D4E47942A924213005D9736 /* SnapKit in Frameworks */,
			);
			runOnlyForDeploymentPostprocessing = 0;
		};
		6D4EF26E2A90811500A7ABD4 /* Frameworks */ = {
			isa = PBXFrameworksBuildPhase;
			buildActionMask = 2147483647;
			files = (
			);
			runOnlyForDeploymentPostprocessing = 0;
		};
		6D4EF2782A90811500A7ABD4 /* Frameworks */ = {
			isa = PBXFrameworksBuildPhase;
			buildActionMask = 2147483647;
			files = (
			);
			runOnlyForDeploymentPostprocessing = 0;
		};
/* End PBXFrameworksBuildPhase section */

/* Begin PBXGroup section */
		6D4E47952A93D6F3005D9736 /* Authentication */ = {
			isa = PBXGroup;
			children = (
				6D4E47962A93D6FD005D9736 /* LoginController.swift */,
				6D4E47982A93D733005D9736 /* RegistrationController.swift */,
			);
			path = Authentication;
			sourceTree = "<group>";
		};
		6D4EF2522A90811400A7ABD4 = {
			isa = PBXGroup;
			children = (
				6D4EF25D2A90811400A7ABD4 /* InstagramFirebase */,
				6D4EF2742A90811500A7ABD4 /* InstagramFirebaseTests */,
				6D4EF27E2A90811500A7ABD4 /* InstagramFirebaseUITests */,
				6D4EF25C2A90811400A7ABD4 /* Products */,
			);
			sourceTree = "<group>";
		};
		6D4EF25C2A90811400A7ABD4 /* Products */ = {
			isa = PBXGroup;
			children = (
				6D4EF25B2A90811400A7ABD4 /* InstagramFirebase.app */,
				6D4EF2712A90811500A7ABD4 /* InstagramFirebaseTests.xctest */,
				6D4EF27B2A90811500A7ABD4 /* InstagramFirebaseUITests.xctest */,
			);
			name = Products;
			sourceTree = "<group>";
		};
		6D4EF25D2A90811400A7ABD4 /* InstagramFirebase */ = {
			isa = PBXGroup;
			children = (
				6D4EF2932A90818100A7ABD4 /* Model */,
				6D4EF2922A90817D00A7ABD4 /* View */,
				6D4EF2912A90817700A7ABD4 /* ViewModel */,
				6D4EF2902A90817400A7ABD4 /* Controller */,
				6D4EF28F2A90817000A7ABD4 /* API */,
				6D4EF28E2A90816E00A7ABD4 /* Utils */,
				6D4EF25E2A90811400A7ABD4 /* AppDelegate.swift */,
				6D4EF2602A90811400A7ABD4 /* SceneDelegate.swift */,
				6D4EF2622A90811400A7ABD4 /* ViewController.swift */,
				6D4EF2672A90811500A7ABD4 /* Assets.xcassets */,
				6D4EF2692A90811500A7ABD4 /* LaunchScreen.storyboard */,
				6D4EF26C2A90811500A7ABD4 /* Info.plist */,
			);
			path = InstagramFirebase;
			sourceTree = "<group>";
		};
		6D4EF2742A90811500A7ABD4 /* InstagramFirebaseTests */ = {
			isa = PBXGroup;
			children = (
				6D4EF2752A90811500A7ABD4 /* InstagramFirebaseTests.swift */,
			);
			path = InstagramFirebaseTests;
			sourceTree = "<group>";
		};
		6D4EF27E2A90811500A7ABD4 /* InstagramFirebaseUITests */ = {
			isa = PBXGroup;
			children = (
				6D4EF27F2A90811500A7ABD4 /* InstagramFirebaseUITests.swift */,
				6D4EF2812A90811500A7ABD4 /* InstagramFirebaseUITestsLaunchTests.swift */,
			);
			path = InstagramFirebaseUITests;
			sourceTree = "<group>";
		};
		6D4EF28E2A90816E00A7ABD4 /* Utils */ = {
			isa = PBXGroup;
			children = (
				6D4E478D2A91E929005D9736 /* Extensions.swift */,
			);
			path = Utils;
			sourceTree = "<group>";
		};
		6D4EF28F2A90817000A7ABD4 /* API */ = {
			isa = PBXGroup;
			children = (
			);
			path = API;
			sourceTree = "<group>";
		};
		6D4EF2902A90817400A7ABD4 /* Controller */ = {
			isa = PBXGroup;
			children = (
				6D4E47952A93D6F3005D9736 /* Authentication */,
				6D4EF2942A90820A00A7ABD4 /* MainTabController.swift */,
				6DED2BEF2A9084AB00A7114B /* FeedController.swift */,
				6DED2BF12A9084BE00A7114B /* SearchController.swift */,
				6DED2BF32A9084CA00A7114B /* ImageSelectorController.swift */,
				6DED2BF52A9084D700A7114B /* NotificationController.swift */,
				6DED2BF72A9084DD00A7114B /* ProfileController.swift */,
			);
			path = Controller;
			sourceTree = "<group>";
		};
		6D4EF2912A90817700A7ABD4 /* ViewModel */ = {
			isa = PBXGroup;
			children = (
				6D4E479C2A93EB93005D9736 /* AuthenticationViewModel.swift */,
			);
			path = ViewModel;
			sourceTree = "<group>";
		};
		6D4EF2922A90817D00A7ABD4 /* View */ = {
			isa = PBXGroup;
			children = (
				6D4E478B2A91E68B005D9736 /* FeedCollectionViewCell.swift */,
				6D4E479A2A93DC2B005D9736 /* CustomTextField.swift */,
			);
			path = View;
			sourceTree = "<group>";
		};
		6D4EF2932A90818100A7ABD4 /* Model */ = {
			isa = PBXGroup;
			children = (
			);
			path = Model;
			sourceTree = "<group>";
		};
/* End PBXGroup section */

/* Begin PBXNativeTarget section */
		6D4EF25A2A90811400A7ABD4 /* InstagramFirebase */ = {
			isa = PBXNativeTarget;
			buildConfigurationList = 6D4EF2852A90811500A7ABD4 /* Build configuration list for PBXNativeTarget "InstagramFirebase" */;
			buildPhases = (
				6D4EF2572A90811400A7ABD4 /* Sources */,
				6D4EF2582A90811400A7ABD4 /* Frameworks */,
				6D4EF2592A90811400A7ABD4 /* Resources */,
			);
			buildRules = (
			);
			dependencies = (
			);
			name = InstagramFirebase;
			packageProductDependencies = (
				6D4E47902A91EA63005D9736 /* JGProgressHUD */,
				6D4E47932A924213005D9736 /* SnapKit */,
			);
			productName = InstagramFirebase;
			productReference = 6D4EF25B2A90811400A7ABD4 /* InstagramFirebase.app */;
			productType = "com.apple.product-type.application";
		};
		6D4EF2702A90811500A7ABD4 /* InstagramFirebaseTests */ = {
			isa = PBXNativeTarget;
			buildConfigurationList = 6D4EF2882A90811500A7ABD4 /* Build configuration list for PBXNativeTarget "InstagramFirebaseTests" */;
			buildPhases = (
				6D4EF26D2A90811500A7ABD4 /* Sources */,
				6D4EF26E2A90811500A7ABD4 /* Frameworks */,
				6D4EF26F2A90811500A7ABD4 /* Resources */,
			);
			buildRules = (
			);
			dependencies = (
				6D4EF2732A90811500A7ABD4 /* PBXTargetDependency */,
			);
			name = InstagramFirebaseTests;
			productName = InstagramFirebaseTests;
			productReference = 6D4EF2712A90811500A7ABD4 /* InstagramFirebaseTests.xctest */;
			productType = "com.apple.product-type.bundle.unit-test";
		};
		6D4EF27A2A90811500A7ABD4 /* InstagramFirebaseUITests */ = {
			isa = PBXNativeTarget;
			buildConfigurationList = 6D4EF28B2A90811500A7ABD4 /* Build configuration list for PBXNativeTarget "InstagramFirebaseUITests" */;
			buildPhases = (
				6D4EF2772A90811500A7ABD4 /* Sources */,
				6D4EF2782A90811500A7ABD4 /* Frameworks */,
				6D4EF2792A90811500A7ABD4 /* Resources */,
			);
			buildRules = (
			);
			dependencies = (
				6D4EF27D2A90811500A7ABD4 /* PBXTargetDependency */,
			);
			name = InstagramFirebaseUITests;
			productName = InstagramFirebaseUITests;
			productReference = 6D4EF27B2A90811500A7ABD4 /* InstagramFirebaseUITests.xctest */;
			productType = "com.apple.product-type.bundle.ui-testing";
		};
/* End PBXNativeTarget section */

/* Begin PBXProject section */
		6D4EF2532A90811400A7ABD4 /* Project object */ = {
			isa = PBXProject;
			attributes = {
				BuildIndependentTargetsInParallel = 1;
				LastSwiftUpdateCheck = 1430;
				LastUpgradeCheck = 1430;
				TargetAttributes = {
					6D4EF25A2A90811400A7ABD4 = {
						CreatedOnToolsVersion = 14.3.1;
					};
					6D4EF2702A90811500A7ABD4 = {
						CreatedOnToolsVersion = 14.3.1;
						TestTargetID = 6D4EF25A2A90811400A7ABD4;
					};
					6D4EF27A2A90811500A7ABD4 = {
						CreatedOnToolsVersion = 14.3.1;
						TestTargetID = 6D4EF25A2A90811400A7ABD4;
					};
				};
			};
			buildConfigurationList = 6D4EF2562A90811400A7ABD4 /* Build configuration list for PBXProject "InstagramFirebase" */;
			compatibilityVersion = "Xcode 14.0";
			developmentRegion = en;
			hasScannedForEncodings = 0;
			knownRegions = (
				en,
				Base,
			);
			mainGroup = 6D4EF2522A90811400A7ABD4;
			packageReferences = (
				6D4E478F2A91EA63005D9736 /* XCRemoteSwiftPackageReference "JGProgressHUD" */,
				6D4E47922A924213005D9736 /* XCRemoteSwiftPackageReference "SnapKit" */,
			);
			productRefGroup = 6D4EF25C2A90811400A7ABD4 /* Products */;
			projectDirPath = "";
			projectRoot = "";
			targets = (
				6D4EF25A2A90811400A7ABD4 /* InstagramFirebase */,
				6D4EF2702A90811500A7ABD4 /* InstagramFirebaseTests */,
				6D4EF27A2A90811500A7ABD4 /* InstagramFirebaseUITests */,
			);
		};
/* End PBXProject section */

/* Begin PBXResourcesBuildPhase section */
		6D4EF2592A90811400A7ABD4 /* Resources */ = {
			isa = PBXResourcesBuildPhase;
			buildActionMask = 2147483647;
			files = (
				6D4EF26B2A90811500A7ABD4 /* LaunchScreen.storyboard in Resources */,
				6D4EF2682A90811500A7ABD4 /* Assets.xcassets in Resources */,
			);
			runOnlyForDeploymentPostprocessing = 0;
		};
		6D4EF26F2A90811500A7ABD4 /* Resources */ = {
			isa = PBXResourcesBuildPhase;
			buildActionMask = 2147483647;
			files = (
			);
			runOnlyForDeploymentPostprocessing = 0;
		};
		6D4EF2792A90811500A7ABD4 /* Resources */ = {
			isa = PBXResourcesBuildPhase;
			buildActionMask = 2147483647;
			files = (
			);
			runOnlyForDeploymentPostprocessing = 0;
		};
/* End PBXResourcesBuildPhase section */

/* Begin PBXSourcesBuildPhase section */
		6D4EF2572A90811400A7ABD4 /* Sources */ = {
			isa = PBXSourcesBuildPhase;
			buildActionMask = 2147483647;
			files = (
				6D4E479B2A93DC2B005D9736 /* CustomTextField.swift in Sources */,
				6D4EF2632A90811400A7ABD4 /* ViewController.swift in Sources */,
				6D4E47972A93D6FD005D9736 /* LoginController.swift in Sources */,
				6D4E478C2A91E68B005D9736 /* FeedCollectionViewCell.swift in Sources */,
				6DED2BF42A9084CA00A7114B /* ImageSelectorController.swift in Sources */,
				6DED2BF62A9084D700A7114B /* NotificationController.swift in Sources */,
				6D4E479D2A93EB93005D9736 /* AuthenticationViewModel.swift in Sources */,
				6DED2BF22A9084BE00A7114B /* SearchController.swift in Sources */,
				6D4EF25F2A90811400A7ABD4 /* AppDelegate.swift in Sources */,
				6DED2BF82A9084DD00A7114B /* ProfileController.swift in Sources */,
				6DED2BF02A9084AB00A7114B /* FeedController.swift in Sources */,
				6D4EF2952A90820A00A7ABD4 /* MainTabController.swift in Sources */,
				6D4E478E2A91E929005D9736 /* Extensions.swift in Sources */,
				6D4EF2612A90811400A7ABD4 /* SceneDelegate.swift in Sources */,
				6D4E47992A93D733005D9736 /* RegistrationController.swift in Sources */,
			);
			runOnlyForDeploymentPostprocessing = 0;
		};
		6D4EF26D2A90811500A7ABD4 /* Sources */ = {
			isa = PBXSourcesBuildPhase;
			buildActionMask = 2147483647;
			files = (
				6D4EF2762A90811500A7ABD4 /* InstagramFirebaseTests.swift in Sources */,
			);
			runOnlyForDeploymentPostprocessing = 0;
		};
		6D4EF2772A90811500A7ABD4 /* Sources */ = {
			isa = PBXSourcesBuildPhase;
			buildActionMask = 2147483647;
			files = (
				6D4EF2822A90811500A7ABD4 /* InstagramFirebaseUITestsLaunchTests.swift in Sources */,
				6D4EF2802A90811500A7ABD4 /* InstagramFirebaseUITests.swift in Sources */,
			);
			runOnlyForDeploymentPostprocessing = 0;
		};
/* End PBXSourcesBuildPhase section */

/* Begin PBXTargetDependency section */
		6D4EF2732A90811500A7ABD4 /* PBXTargetDependency */ = {
			isa = PBXTargetDependency;
			target = 6D4EF25A2A90811400A7ABD4 /* InstagramFirebase */;
			targetProxy = 6D4EF2722A90811500A7ABD4 /* PBXContainerItemProxy */;
		};
		6D4EF27D2A90811500A7ABD4 /* PBXTargetDependency */ = {
			isa = PBXTargetDependency;
			target = 6D4EF25A2A90811400A7ABD4 /* InstagramFirebase */;
			targetProxy = 6D4EF27C2A90811500A7ABD4 /* PBXContainerItemProxy */;
		};
/* End PBXTargetDependency section */

/* Begin PBXVariantGroup section */
		6D4EF2692A90811500A7ABD4 /* LaunchScreen.storyboard */ = {
			isa = PBXVariantGroup;
			children = (
				6D4EF26A2A90811500A7ABD4 /* Base */,
			);
			name = LaunchScreen.storyboard;
			sourceTree = "<group>";
		};
/* End PBXVariantGroup section */

/* Begin XCBuildConfiguration section */
		6D4EF2832A90811500A7ABD4 /* Debug */ = {
			isa = XCBuildConfiguration;
			buildSettings = {
				ALWAYS_SEARCH_USER_PATHS = NO;
				CLANG_ANALYZER_NONNULL = YES;
				CLANG_ANALYZER_NUMBER_OBJECT_CONVERSION = YES_AGGRESSIVE;
				CLANG_CXX_LANGUAGE_STANDARD = "gnu++20";
				CLANG_ENABLE_MODULES = YES;
				CLANG_ENABLE_OBJC_ARC = YES;
				CLANG_ENABLE_OBJC_WEAK = YES;
				CLANG_WARN_BLOCK_CAPTURE_AUTORELEASING = YES;
				CLANG_WARN_BOOL_CONVERSION = YES;
				CLANG_WARN_COMMA = YES;
				CLANG_WARN_CONSTANT_CONVERSION = YES;
				CLANG_WARN_DEPRECATED_OBJC_IMPLEMENTATIONS = YES;
				CLANG_WARN_DIRECT_OBJC_ISA_USAGE = YES_ERROR;
				CLANG_WARN_DOCUMENTATION_COMMENTS = YES;
				CLANG_WARN_EMPTY_BODY = YES;
				CLANG_WARN_ENUM_CONVERSION = YES;
				CLANG_WARN_INFINITE_RECURSION = YES;
				CLANG_WARN_INT_CONVERSION = YES;
				CLANG_WARN_NON_LITERAL_NULL_CONVERSION = YES;
				CLANG_WARN_OBJC_IMPLICIT_RETAIN_SELF = YES;
				CLANG_WARN_OBJC_LITERAL_CONVERSION = YES;
				CLANG_WARN_OBJC_ROOT_CLASS = YES_ERROR;
				CLANG_WARN_QUOTED_INCLUDE_IN_FRAMEWORK_HEADER = YES;
				CLANG_WARN_RANGE_LOOP_ANALYSIS = YES;
				CLANG_WARN_STRICT_PROTOTYPES = YES;
				CLANG_WARN_SUSPICIOUS_MOVE = YES;
				CLANG_WARN_UNGUARDED_AVAILABILITY = YES_AGGRESSIVE;
				CLANG_WARN_UNREACHABLE_CODE = YES;
				CLANG_WARN__DUPLICATE_METHOD_MATCH = YES;
				COPY_PHASE_STRIP = NO;
				DEBUG_INFORMATION_FORMAT = dwarf;
				ENABLE_STRICT_OBJC_MSGSEND = YES;
				ENABLE_TESTABILITY = YES;
				GCC_C_LANGUAGE_STANDARD = gnu11;
				GCC_DYNAMIC_NO_PIC = NO;
				GCC_NO_COMMON_BLOCKS = YES;
				GCC_OPTIMIZATION_LEVEL = 0;
				GCC_PREPROCESSOR_DEFINITIONS = (
					"DEBUG=1",
					"$(inherited)",
				);
				GCC_WARN_64_TO_32_BIT_CONVERSION = YES;
				GCC_WARN_ABOUT_RETURN_TYPE = YES_ERROR;
				GCC_WARN_UNDECLARED_SELECTOR = YES;
				GCC_WARN_UNINITIALIZED_AUTOS = YES_AGGRESSIVE;
				GCC_WARN_UNUSED_FUNCTION = YES;
				GCC_WARN_UNUSED_VARIABLE = YES;
				IPHONEOS_DEPLOYMENT_TARGET = 16.4;
				MTL_ENABLE_DEBUG_INFO = INCLUDE_SOURCE;
				MTL_FAST_MATH = YES;
				ONLY_ACTIVE_ARCH = YES;
				SDKROOT = iphoneos;
				SWIFT_ACTIVE_COMPILATION_CONDITIONS = DEBUG;
				SWIFT_OPTIMIZATION_LEVEL = "-Onone";
			};
			name = Debug;
		};
		6D4EF2842A90811500A7ABD4 /* Release */ = {
			isa = XCBuildConfiguration;
			buildSettings = {
				ALWAYS_SEARCH_USER_PATHS = NO;
				CLANG_ANALYZER_NONNULL = YES;
				CLANG_ANALYZER_NUMBER_OBJECT_CONVERSION = YES_AGGRESSIVE;
				CLANG_CXX_LANGUAGE_STANDARD = "gnu++20";
				CLANG_ENABLE_MODULES = YES;
				CLANG_ENABLE_OBJC_ARC = YES;
				CLANG_ENABLE_OBJC_WEAK = YES;
				CLANG_WARN_BLOCK_CAPTURE_AUTORELEASING = YES;
				CLANG_WARN_BOOL_CONVERSION = YES;
				CLANG_WARN_COMMA = YES;
				CLANG_WARN_CONSTANT_CONVERSION = YES;
				CLANG_WARN_DEPRECATED_OBJC_IMPLEMENTATIONS = YES;
				CLANG_WARN_DIRECT_OBJC_ISA_USAGE = YES_ERROR;
				CLANG_WARN_DOCUMENTATION_COMMENTS = YES;
				CLANG_WARN_EMPTY_BODY = YES;
				CLANG_WARN_ENUM_CONVERSION = YES;
				CLANG_WARN_INFINITE_RECURSION = YES;
				CLANG_WARN_INT_CONVERSION = YES;
				CLANG_WARN_NON_LITERAL_NULL_CONVERSION = YES;
				CLANG_WARN_OBJC_IMPLICIT_RETAIN_SELF = YES;
				CLANG_WARN_OBJC_LITERAL_CONVERSION = YES;
				CLANG_WARN_OBJC_ROOT_CLASS = YES_ERROR;
				CLANG_WARN_QUOTED_INCLUDE_IN_FRAMEWORK_HEADER = YES;
				CLANG_WARN_RANGE_LOOP_ANALYSIS = YES;
				CLANG_WARN_STRICT_PROTOTYPES = YES;
				CLANG_WARN_SUSPICIOUS_MOVE = YES;
				CLANG_WARN_UNGUARDED_AVAILABILITY = YES_AGGRESSIVE;
				CLANG_WARN_UNREACHABLE_CODE = YES;
				CLANG_WARN__DUPLICATE_METHOD_MATCH = YES;
				COPY_PHASE_STRIP = NO;
				DEBUG_INFORMATION_FORMAT = "dwarf-with-dsym";
				ENABLE_NS_ASSERTIONS = NO;
				ENABLE_STRICT_OBJC_MSGSEND = YES;
				GCC_C_LANGUAGE_STANDARD = gnu11;
				GCC_NO_COMMON_BLOCKS = YES;
				GCC_WARN_64_TO_32_BIT_CONVERSION = YES;
				GCC_WARN_ABOUT_RETURN_TYPE = YES_ERROR;
				GCC_WARN_UNDECLARED_SELECTOR = YES;
				GCC_WARN_UNINITIALIZED_AUTOS = YES_AGGRESSIVE;
				GCC_WARN_UNUSED_FUNCTION = YES;
				GCC_WARN_UNUSED_VARIABLE = YES;
				IPHONEOS_DEPLOYMENT_TARGET = 16.4;
				MTL_ENABLE_DEBUG_INFO = NO;
				MTL_FAST_MATH = YES;
				SDKROOT = iphoneos;
				SWIFT_COMPILATION_MODE = wholemodule;
				SWIFT_OPTIMIZATION_LEVEL = "-O";
				VALIDATE_PRODUCT = YES;
			};
			name = Release;
		};
		6D4EF2862A90811500A7ABD4 /* Debug */ = {
			isa = XCBuildConfiguration;
			buildSettings = {
				ASSETCATALOG_COMPILER_APPICON_NAME = AppIcon;
				ASSETCATALOG_COMPILER_GLOBAL_ACCENT_COLOR_NAME = AccentColor;
				CODE_SIGN_STYLE = Automatic;
				CURRENT_PROJECT_VERSION = 1;
				DEVELOPMENT_TEAM = QLVD672J6F;
				GENERATE_INFOPLIST_FILE = YES;
				INFOPLIST_FILE = InstagramFirebase/Info.plist;
				INFOPLIST_KEY_UIApplicationSupportsIndirectInputEvents = YES;
				INFOPLIST_KEY_UILaunchStoryboardName = LaunchScreen;
				INFOPLIST_KEY_UISupportedInterfaceOrientations_iPad = "UIInterfaceOrientationPortrait UIInterfaceOrientationPortraitUpsideDown UIInterfaceOrientationLandscapeLeft UIInterfaceOrientationLandscapeRight";
				INFOPLIST_KEY_UISupportedInterfaceOrientations_iPhone = "UIInterfaceOrientationPortrait UIInterfaceOrientationLandscapeLeft UIInterfaceOrientationLandscapeRight";
				LD_RUNPATH_SEARCH_PATHS = (
					"$(inherited)",
					"@executable_path/Frameworks",
				);
				MARKETING_VERSION = 1.0;
				PRODUCT_BUNDLE_IDENTIFIER = com.birhos.InstagramFirebase;
				PRODUCT_NAME = "$(TARGET_NAME)";
				SWIFT_EMIT_LOC_STRINGS = YES;
				SWIFT_VERSION = 5.0;
				TARGETED_DEVICE_FAMILY = "1,2";
			};
			name = Debug;
		};
		6D4EF2872A90811500A7ABD4 /* Release */ = {
			isa = XCBuildConfiguration;
			buildSettings = {
				ASSETCATALOG_COMPILER_APPICON_NAME = AppIcon;
				ASSETCATALOG_COMPILER_GLOBAL_ACCENT_COLOR_NAME = AccentColor;
				CODE_SIGN_STYLE = Automatic;
				CURRENT_PROJECT_VERSION = 1;
				DEVELOPMENT_TEAM = QLVD672J6F;
				GENERATE_INFOPLIST_FILE = YES;
				INFOPLIST_FILE = InstagramFirebase/Info.plist;
				INFOPLIST_KEY_UIApplicationSupportsIndirectInputEvents = YES;
				INFOPLIST_KEY_UILaunchStoryboardName = LaunchScreen;
				INFOPLIST_KEY_UISupportedInterfaceOrientations_iPad = "UIInterfaceOrientationPortrait UIInterfaceOrientationPortraitUpsideDown UIInterfaceOrientationLandscapeLeft UIInterfaceOrientationLandscapeRight";
				INFOPLIST_KEY_UISupportedInterfaceOrientations_iPhone = "UIInterfaceOrientationPortrait UIInterfaceOrientationLandscapeLeft UIInterfaceOrientationLandscapeRight";
				LD_RUNPATH_SEARCH_PATHS = (
					"$(inherited)",
					"@executable_path/Frameworks",
				);
				MARKETING_VERSION = 1.0;
				PRODUCT_BUNDLE_IDENTIFIER = com.birhos.InstagramFirebase;
				PRODUCT_NAME = "$(TARGET_NAME)";
				SWIFT_EMIT_LOC_STRINGS = YES;
				SWIFT_VERSION = 5.0;
				TARGETED_DEVICE_FAMILY = "1,2";
			};
			name = Release;
		};
		6D4EF2892A90811500A7ABD4 /* Debug */ = {
			isa = XCBuildConfiguration;
			buildSettings = {
				ALWAYS_EMBED_SWIFT_STANDARD_LIBRARIES = YES;
				BUNDLE_LOADER = "$(TEST_HOST)";
				CODE_SIGN_STYLE = Automatic;
				CURRENT_PROJECT_VERSION = 1;
				DEVELOPMENT_TEAM = QLVD672J6F;
				GENERATE_INFOPLIST_FILE = YES;
				IPHONEOS_DEPLOYMENT_TARGET = 16.4;
				MARKETING_VERSION = 1.0;
				PRODUCT_BUNDLE_IDENTIFIER = com.birhos.InstagramFirebaseTests;
				PRODUCT_NAME = "$(TARGET_NAME)";
				SWIFT_EMIT_LOC_STRINGS = NO;
				SWIFT_VERSION = 5.0;
				TARGETED_DEVICE_FAMILY = "1,2";
				TEST_HOST = "$(BUILT_PRODUCTS_DIR)/InstagramFirebase.app/$(BUNDLE_EXECUTABLE_FOLDER_PATH)/InstagramFirebase";
			};
			name = Debug;
		};
		6D4EF28A2A90811500A7ABD4 /* Release */ = {
			isa = XCBuildConfiguration;
			buildSettings = {
				ALWAYS_EMBED_SWIFT_STANDARD_LIBRARIES = YES;
				BUNDLE_LOADER = "$(TEST_HOST)";
				CODE_SIGN_STYLE = Automatic;
				CURRENT_PROJECT_VERSION = 1;
				DEVELOPMENT_TEAM = QLVD672J6F;
				GENERATE_INFOPLIST_FILE = YES;
				IPHONEOS_DEPLOYMENT_TARGET = 16.4;
				MARKETING_VERSION = 1.0;
				PRODUCT_BUNDLE_IDENTIFIER = com.birhos.InstagramFirebaseTests;
				PRODUCT_NAME = "$(TARGET_NAME)";
				SWIFT_EMIT_LOC_STRINGS = NO;
				SWIFT_VERSION = 5.0;
				TARGETED_DEVICE_FAMILY = "1,2";
				TEST_HOST = "$(BUILT_PRODUCTS_DIR)/InstagramFirebase.app/$(BUNDLE_EXECUTABLE_FOLDER_PATH)/InstagramFirebase";
			};
			name = Release;
		};
		6D4EF28C2A90811500A7ABD4 /* Debug */ = {
			isa = XCBuildConfiguration;
			buildSettings = {
				ALWAYS_EMBED_SWIFT_STANDARD_LIBRARIES = YES;
				CODE_SIGN_STYLE = Automatic;
				CURRENT_PROJECT_VERSION = 1;
				DEVELOPMENT_TEAM = QLVD672J6F;
				GENERATE_INFOPLIST_FILE = YES;
				MARKETING_VERSION = 1.0;
				PRODUCT_BUNDLE_IDENTIFIER = com.birhos.InstagramFirebaseUITests;
				PRODUCT_NAME = "$(TARGET_NAME)";
				SWIFT_EMIT_LOC_STRINGS = NO;
				SWIFT_VERSION = 5.0;
				TARGETED_DEVICE_FAMILY = "1,2";
				TEST_TARGET_NAME = InstagramFirebase;
			};
			name = Debug;
		};
		6D4EF28D2A90811500A7ABD4 /* Release */ = {
			isa = XCBuildConfiguration;
			buildSettings = {
				ALWAYS_EMBED_SWIFT_STANDARD_LIBRARIES = YES;
				CODE_SIGN_STYLE = Automatic;
				CURRENT_PROJECT_VERSION = 1;
				DEVELOPMENT_TEAM = QLVD672J6F;
				GENERATE_INFOPLIST_FILE = YES;
				MARKETING_VERSION = 1.0;
				PRODUCT_BUNDLE_IDENTIFIER = com.birhos.InstagramFirebaseUITests;
				PRODUCT_NAME = "$(TARGET_NAME)";
				SWIFT_EMIT_LOC_STRINGS = NO;
				SWIFT_VERSION = 5.0;
				TARGETED_DEVICE_FAMILY = "1,2";
				TEST_TARGET_NAME = InstagramFirebase;
			};
			name = Release;
		};
/* End XCBuildConfiguration section */

/* Begin XCConfigurationList section */
		6D4EF2562A90811400A7ABD4 /* Build configuration list for PBXProject "InstagramFirebase" */ = {
			isa = XCConfigurationList;
			buildConfigurations = (
				6D4EF2832A90811500A7ABD4 /* Debug */,
				6D4EF2842A90811500A7ABD4 /* Release */,
			);
			defaultConfigurationIsVisible = 0;
			defaultConfigurationName = Release;
		};
		6D4EF2852A90811500A7ABD4 /* Build configuration list for PBXNativeTarget "InstagramFirebase" */ = {
			isa = XCConfigurationList;
			buildConfigurations = (
				6D4EF2862A90811500A7ABD4 /* Debug */,
				6D4EF2872A90811500A7ABD4 /* Release */,
			);
			defaultConfigurationIsVisible = 0;
			defaultConfigurationName = Release;
		};
		6D4EF2882A90811500A7ABD4 /* Build configuration list for PBXNativeTarget "InstagramFirebaseTests" */ = {
			isa = XCConfigurationList;
			buildConfigurations = (
				6D4EF2892A90811500A7ABD4 /* Debug */,
				6D4EF28A2A90811500A7ABD4 /* Release */,
			);
			defaultConfigurationIsVisible = 0;
			defaultConfigurationName = Release;
		};
		6D4EF28B2A90811500A7ABD4 /* Build configuration list for PBXNativeTarget "InstagramFirebaseUITests" */ = {
			isa = XCConfigurationList;
			buildConfigurations = (
				6D4EF28C2A90811500A7ABD4 /* Debug */,
				6D4EF28D2A90811500A7ABD4 /* Release */,
			);
			defaultConfigurationIsVisible = 0;
			defaultConfigurationName = Release;
		};
/* End XCConfigurationList section */

/* Begin XCRemoteSwiftPackageReference section */
		6D4E478F2A91EA63005D9736 /* XCRemoteSwiftPackageReference "JGProgressHUD" */ = {
			isa = XCRemoteSwiftPackageReference;
			repositoryURL = "https://github.com/JonasGessner/JGProgressHUD.git";
			requirement = {
				kind = upToNextMajorVersion;
				minimumVersion = 2.0.0;
			};
		};
		6D4E47922A924213005D9736 /* XCRemoteSwiftPackageReference "SnapKit" */ = {
			isa = XCRemoteSwiftPackageReference;
			repositoryURL = "https://github.com/SnapKit/SnapKit.git";
			requirement = {
				kind = upToNextMajorVersion;
				minimumVersion = 5.0.0;
			};
		};
/* End XCRemoteSwiftPackageReference section */

/* Begin XCSwiftPackageProductDependency section */
		6D4E47902A91EA63005D9736 /* JGProgressHUD */ = {
			isa = XCSwiftPackageProductDependency;
			package = 6D4E478F2A91EA63005D9736 /* XCRemoteSwiftPackageReference "JGProgressHUD" */;
			productName = JGProgressHUD;
		};
		6D4E47932A924213005D9736 /* SnapKit */ = {
			isa = XCSwiftPackageProductDependency;
			package = 6D4E47922A924213005D9736 /* XCRemoteSwiftPackageReference "SnapKit" */;
			productName = SnapKit;
		};
/* End XCSwiftPackageProductDependency section */
	};
	rootObject = 6D4EF2532A90811400A7ABD4 /* Project object */;
}
